
Microsoft Visual Studio Solution File, Format Version 12.00
# Visual Studio Version 16
VisualStudioVersion = 16.0.31911.196
MinimumVisualStudioVersion = 10.0.40219.1
Project("{FAE04EC0-301F-11D3-BF4B-00C04F79EFBC}") = "LB3_IT_protect", "LB3_IT_protect\LB3_IT_protect.csproj", "{B8B9E025-1AD4-4EF8-8539-0B94F7AE122E}"
EndProject
Global
	GlobalSection(SolutionConfigurationPlatforms) = preSolution
		Debug|Any CPU = Debug|Any CPU
		Release|Any CPU = Release|Any CPU
	EndGlobalSection
	GlobalSection(ProjectConfigurationPlatforms) = postSolution
		{B8B9E025-1AD4-4EF8-8539-0B94F7AE122E}.Debug|Any CPU.ActiveCfg = Debug|Any CPU
		{B8B9E025-1AD4-4EF8-8539-0B94F7AE122E}.Debug|Any CPU.Build.0 = Debug|Any CPU
		{B8B9E025-1AD4-4EF8-8539-0B94F7AE122E}.Release|Any CPU.ActiveCfg = Release|Any CPU
		{B8B9E025-1AD4-4EF8-8539-0B94F7AE122E}.Release|Any CPU.Build.0 = Release|Any CPU
	EndGlobalSection
	GlobalSection(SolutionProperties) = preSolution
		HideSolutionNode = FALSE
	EndGlobalSection
	GlobalSection(ExtensibilityGlobals) = postSolution
		SolutionGuid = {35966798-D919-4D88-BA39-648230A10E85}
	EndGlobalSection
EndGlobal
